// !$*UTF8*$!
{
	archiveVersion = 1;
	classes = {
	};
	objectVersion = 46;
	objects = {

/* Begin PBXBuildFile section */
		4F38BCCA1C7BCD3700DFE2E0 /* FindLocationViewController.swift in Sources */ = {isa = PBXBuildFile; fileRef = 4F38BCC91C7BCD3700DFE2E0 /* FindLocationViewController.swift */; };
		4F5F99241C763C020069BAA8 /* AppDelegate.swift in Sources */ = {isa = PBXBuildFile; fileRef = 4F5F99231C763C020069BAA8 /* AppDelegate.swift */; };
		4F5F99261C763C020069BAA8 /* MapViewController.swift in Sources */ = {isa = PBXBuildFile; fileRef = 4F5F99251C763C020069BAA8 /* MapViewController.swift */; };
		4F5F99281C763C020069BAA8 /* UserListViewController.swift in Sources */ = {isa = PBXBuildFile; fileRef = 4F5F99271C763C020069BAA8 /* UserListViewController.swift */; };
		4F5F992B1C763C020069BAA8 /* Main.storyboard in Resources */ = {isa = PBXBuildFile; fileRef = 4F5F99291C763C020069BAA8 /* Main.storyboard */; };
		4F5F992D1C763C020069BAA8 /* Assets.xcassets in Resources */ = {isa = PBXBuildFile; fileRef = 4F5F992C1C763C020069BAA8 /* Assets.xcassets */; };
		4F5F99301C763C020069BAA8 /* LaunchScreen.storyboard in Resources */ = {isa = PBXBuildFile; fileRef = 4F5F992E1C763C020069BAA8 /* LaunchScreen.storyboard */; };
		4F5F993A1C7645D90069BAA8 /* LoginViewController.swift in Sources */ = {isa = PBXBuildFile; fileRef = 4F5F99391C7645D90069BAA8 /* LoginViewController.swift */; };
		4F5F99411C76479E0069BAA8 /* UdacityConstants.swift in Sources */ = {isa = PBXBuildFile; fileRef = 4F5F99401C76479E0069BAA8 /* UdacityConstants.swift */; };
		4F5F99431C764B4C0069BAA8 /* UdacityClient.swift in Sources */ = {isa = PBXBuildFile; fileRef = 4F5F99421C764B4C0069BAA8 /* UdacityClient.swift */; };
		4F5F99471C765FC60069BAA8 /* GrandCentralDispatch.swift in Sources */ = {isa = PBXBuildFile; fileRef = 4F5F99461C765FC60069BAA8 /* GrandCentralDispatch.swift */; };
		4F5F99491C767CB60069BAA8 /* UdacityAuth.swift in Sources */ = {isa = PBXBuildFile; fileRef = 4F5F99481C767CB60069BAA8 /* UdacityAuth.swift */; };
		4FB736DD1C773D4C002E6836 /* ParseConstants.swift in Sources */ = {isa = PBXBuildFile; fileRef = 4FB736DC1C773D4C002E6836 /* ParseConstants.swift */; };
		4FB736DF1C773DF3002E6836 /* ParseStudent.swift in Sources */ = {isa = PBXBuildFile; fileRef = 4FB736DE1C773DF3002E6836 /* ParseStudent.swift */; };
		4FB736E11C773F66002E6836 /* ParseClient.swift in Sources */ = {isa = PBXBuildFile; fileRef = 4FB736E01C773F66002E6836 /* ParseClient.swift */; };
/* End PBXBuildFile section */

/* Begin PBXFileReference section */
		4F38BCC91C7BCD3700DFE2E0 /* FindLocationViewController.swift */ = {isa = PBXFileReference; fileEncoding = 4; lastKnownFileType = sourcecode.swift; path = FindLocationViewController.swift; sourceTree = "<group>"; };
		4F5F99201C763C020069BAA8 /* On The Map.app */ = {isa = PBXFileReference; explicitFileType = wrapper.application; includeInIndex = 0; path = "On The Map.app"; sourceTree = BUILT_PRODUCTS_DIR; };
		4F5F99231C763C020069BAA8 /* AppDelegate.swift */ = {isa = PBXFileReference; lastKnownFileType = sourcecode.swift; path = AppDelegate.swift; sourceTree = "<group>"; };
		4F5F99251C763C020069BAA8 /* MapViewController.swift */ = {isa = PBXFileReference; lastKnownFileType = sourcecode.swift; path = MapViewController.swift; sourceTree = "<group>"; };
		4F5F99271C763C020069BAA8 /* UserListViewController.swift */ = {isa = PBXFileReference; lastKnownFileType = sourcecode.swift; path = UserListViewController.swift; sourceTree = "<group>"; };
		4F5F992A1C763C020069BAA8 /* Base */ = {isa = PBXFileReference; lastKnownFileType = file.storyboard; name = Base; path = Base.lproj/Main.storyboard; sourceTree = "<group>"; };
		4F5F992C1C763C020069BAA8 /* Assets.xcassets */ = {isa = PBXFileReference; lastKnownFileType = folder.assetcatalog; path = Assets.xcassets; sourceTree = "<group>"; };
		4F5F992F1C763C020069BAA8 /* Base */ = {isa = PBXFileReference; lastKnownFileType = file.storyboard; name = Base; path = Base.lproj/LaunchScreen.storyboard; sourceTree = "<group>"; };
		4F5F99311C763C020069BAA8 /* Info.plist */ = {isa = PBXFileReference; lastKnownFileType = text.plist.xml; path = Info.plist; sourceTree = "<group>"; };
		4F5F99391C7645D90069BAA8 /* LoginViewController.swift */ = {isa = PBXFileReference; fileEncoding = 4; lastKnownFileType = sourcecode.swift; path = LoginViewController.swift; sourceTree = "<group>"; };
		4F5F99401C76479E0069BAA8 /* UdacityConstants.swift */ = {isa = PBXFileReference; fileEncoding = 4; lastKnownFileType = sourcecode.swift; path = UdacityConstants.swift; sourceTree = "<group>"; };
		4F5F99421C764B4C0069BAA8 /* UdacityClient.swift */ = {isa = PBXFileReference; fileEncoding = 4; lastKnownFileType = sourcecode.swift; path = UdacityClient.swift; sourceTree = "<group>"; };
		4F5F99461C765FC60069BAA8 /* GrandCentralDispatch.swift */ = {isa = PBXFileReference; fileEncoding = 4; lastKnownFileType = sourcecode.swift; path = GrandCentralDispatch.swift; sourceTree = "<group>"; };
		4F5F99481C767CB60069BAA8 /* UdacityAuth.swift */ = {isa = PBXFileReference; fileEncoding = 4; lastKnownFileType = sourcecode.swift; path = UdacityAuth.swift; sourceTree = "<group>"; };
		4FB736DC1C773D4C002E6836 /* ParseConstants.swift */ = {isa = PBXFileReference; fileEncoding = 4; lastKnownFileType = sourcecode.swift; path = ParseConstants.swift; sourceTree = "<group>"; };
		4FB736DE1C773DF3002E6836 /* ParseStudent.swift */ = {isa = PBXFileReference; fileEncoding = 4; lastKnownFileType = sourcecode.swift; path = ParseStudent.swift; sourceTree = "<group>"; };
		4FB736E01C773F66002E6836 /* ParseClient.swift */ = {isa = PBXFileReference; fileEncoding = 4; lastKnownFileType = sourcecode.swift; path = ParseClient.swift; sourceTree = "<group>"; };
/* End PBXFileReference section */

/* Begin PBXFrameworksBuildPhase section */
		4F5F991D1C763C020069BAA8 /* Frameworks */ = {
			isa = PBXFrameworksBuildPhase;
			buildActionMask = 2147483647;
			files = (
			);
			runOnlyForDeploymentPostprocessing = 0;
		};
/* End PBXFrameworksBuildPhase section */

/* Begin PBXGroup section */
		4F5F99171C763C020069BAA8 = {
			isa = PBXGroup;
			children = (
				4F5F99221C763C020069BAA8 /* On The Map */,
				4F5F99211C763C020069BAA8 /* Products */,
			);
			sourceTree = "<group>";
		};
		4F5F99211C763C020069BAA8 /* Products */ = {
			isa = PBXGroup;
			children = (
				4F5F99201C763C020069BAA8 /* On The Map.app */,
			);
			name = Products;
			sourceTree = "<group>";
		};
		4F5F99221C763C020069BAA8 /* On The Map */ = {
			isa = PBXGroup;
			children = (
				4F5F99231C763C020069BAA8 /* AppDelegate.swift */,
				4F5F99461C765FC60069BAA8 /* GrandCentralDispatch.swift */,
				4F5F993B1C76465A0069BAA8 /* Models */,
				4F5F993F1C76467F0069BAA8 /* Controllers */,
				4F5F99371C763DB10069BAA8 /* Assets */,
				4F5F99381C763DBA0069BAA8 /* Supporting Files */,
			);
			path = "On The Map";
			sourceTree = "<group>";
		};
		4F5F99371C763DB10069BAA8 /* Assets */ = {
			isa = PBXGroup;
			children = (
				4F5F992C1C763C020069BAA8 /* Assets.xcassets */,
				4F5F99291C763C020069BAA8 /* Main.storyboard */,
				4F5F992E1C763C020069BAA8 /* LaunchScreen.storyboard */,
			);
			name = Assets;
			sourceTree = "<group>";
		};
		4F5F99381C763DBA0069BAA8 /* Supporting Files */ = {
			isa = PBXGroup;
			children = (
				4F5F99311C763C020069BAA8 /* Info.plist */,
			);
			name = "Supporting Files";
			sourceTree = "<group>";
		};
		4F5F993B1C76465A0069BAA8 /* Models */ = {
			isa = PBXGroup;
			children = (
				4F5F993C1C7646670069BAA8 /* Clients */,
			);
			name = Models;
			sourceTree = "<group>";
		};
		4F5F993C1C7646670069BAA8 /* Clients */ = {
			isa = PBXGroup;
			children = (
				4F5F993E1C7646740069BAA8 /* Parse */,
				4F5F993D1C76466E0069BAA8 /* Udacity */,
			);
			name = Clients;
			sourceTree = "<group>";
		};
		4F5F993D1C76466E0069BAA8 /* Udacity */ = {
			isa = PBXGroup;
			children = (
				4F5F99481C767CB60069BAA8 /* UdacityAuth.swift */,
				4F5F99421C764B4C0069BAA8 /* UdacityClient.swift */,
				4F5F99401C76479E0069BAA8 /* UdacityConstants.swift */,
			);
			name = Udacity;
			sourceTree = "<group>";
		};
		4F5F993E1C7646740069BAA8 /* Parse */ = {
			isa = PBXGroup;
			children = (
				4FB736E01C773F66002E6836 /* ParseClient.swift */,
				4FB736DC1C773D4C002E6836 /* ParseConstants.swift */,
				4FB736DE1C773DF3002E6836 /* ParseStudent.swift */,
			);
			name = Parse;
			sourceTree = "<group>";
		};
		4F5F993F1C76467F0069BAA8 /* Controllers */ = {
			isa = PBXGroup;
			children = (
				4F5F99391C7645D90069BAA8 /* LoginViewController.swift */,
				4F5F99251C763C020069BAA8 /* MapViewController.swift */,
				4F5F99271C763C020069BAA8 /* UserListViewController.swift */,
				4F38BCC91C7BCD3700DFE2E0 /* FindLocationViewController.swift */,
			);
			name = Controllers;
			sourceTree = "<group>";
		};
/* End PBXGroup section */

/* Begin PBXNativeTarget section */
		4F5F991F1C763C020069BAA8 /* On The Map */ = {
			isa = PBXNativeTarget;
			buildConfigurationList = 4F5F99341C763C020069BAA8 /* Build configuration list for PBXNativeTarget "On The Map" */;
			buildPhases = (
				4F5F991C1C763C020069BAA8 /* Sources */,
				4F5F991D1C763C020069BAA8 /* Frameworks */,
				4F5F991E1C763C020069BAA8 /* Resources */,
			);
			buildRules = (
			);
			dependencies = (
			);
			name = "On The Map";
			productName = "On The Map";
			productReference = 4F5F99201C763C020069BAA8 /* On The Map.app */;
			productType = "com.apple.product-type.application";
		};
/* End PBXNativeTarget section */

/* Begin PBXProject section */
		4F5F99181C763C020069BAA8 /* Project object */ = {
			isa = PBXProject;
			attributes = {
				LastSwiftUpdateCheck = 0720;
				LastUpgradeCheck = 0720;
				ORGANIZATIONNAME = "Nikola Majcen";
				TargetAttributes = {
					4F5F991F1C763C020069BAA8 = {
						CreatedOnToolsVersion = 7.2.1;
					};
				};
			};
			buildConfigurationList = 4F5F991B1C763C020069BAA8 /* Build configuration list for PBXProject "On The Map" */;
			compatibilityVersion = "Xcode 3.2";
			developmentRegion = English;
			hasScannedForEncodings = 0;
			knownRegions = (
				en,
				Base,
			);
			mainGroup = 4F5F99171C763C020069BAA8;
			productRefGroup = 4F5F99211C763C020069BAA8 /* Products */;
			projectDirPath = "";
			projectRoot = "";
			targets = (
				4F5F991F1C763C020069BAA8 /* On The Map */,
			);
		};
/* End PBXProject section */

/* Begin PBXResourcesBuildPhase section */
		4F5F991E1C763C020069BAA8 /* Resources */ = {
			isa = PBXResourcesBuildPhase;
			buildActionMask = 2147483647;
			files = (
				4F5F99301C763C020069BAA8 /* LaunchScreen.storyboard in Resources */,
				4F5F992D1C763C020069BAA8 /* Assets.xcassets in Resources */,
				4F5F992B1C763C020069BAA8 /* Main.storyboard in Resources */,
			);
			runOnlyForDeploymentPostprocessing = 0;
		};
/* End PBXResourcesBuildPhase section */

/* Begin PBXSourcesBuildPhase section */
		4F5F991C1C763C020069BAA8 /* Sources */ = {
			isa = PBXSourcesBuildPhase;
			buildActionMask = 2147483647;
			files = (
				4F38BCCA1C7BCD3700DFE2E0 /* FindLocationViewController.swift in Sources */,
				4F5F993A1C7645D90069BAA8 /* LoginViewController.swift in Sources */,
				4FB736DF1C773DF3002E6836 /* ParseStudent.swift in Sources */,
				4F5F99491C767CB60069BAA8 /* UdacityAuth.swift in Sources */,
				4F5F99411C76479E0069BAA8 /* UdacityConstants.swift in Sources */,
				4F5F99431C764B4C0069BAA8 /* UdacityClient.swift in Sources */,
				4F5F99281C763C020069BAA8 /* UserListViewController.swift in Sources */,
				4FB736DD1C773D4C002E6836 /* ParseConstants.swift in Sources */,
				4F5F99471C765FC60069BAA8 /* GrandCentralDispatch.swift in Sources */,
				4F5F99241C763C020069BAA8 /* AppDelegate.swift in Sources */,
				4F5F99261C763C020069BAA8 /* MapViewController.swift in Sources */,
				4FB736E11C773F66002E6836 /* ParseClient.swift in Sources */,
			);
			runOnlyForDeploymentPostprocessing = 0;
		};
/* End PBXSourcesBuildPhase section */

/* Begin PBXVariantGroup section */
		4F5F99291C763C020069BAA8 /* Main.storyboard */ = {
			isa = PBXVariantGroup;
			children = (
				4F5F992A1C763C020069BAA8 /* Base */,
			);
			name = Main.storyboard;
			sourceTree = "<group>";
		};
		4F5F992E1C763C020069BAA8 /* LaunchScreen.storyboard */ = {
			isa = PBXVariantGroup;
			children = (
				4F5F992F1C763C020069BAA8 /* Base */,
			);
			name = LaunchScreen.storyboard;
			sourceTree = "<group>";
		};
/* End PBXVariantGroup section */

/* Begin XCBuildConfiguration section */
		4F5F99321C763C020069BAA8 /* Debug */ = {
			isa = XCBuildConfiguration;
			buildSettings = {
				ALWAYS_SEARCH_USER_PATHS = NO;
				CLANG_CXX_LANGUAGE_STANDARD = "gnu++0x";
				CLANG_CXX_LIBRARY = "libc++";
				CLANG_ENABLE_MODULES = YES;
				CLANG_ENABLE_OBJC_ARC = YES;
				CLANG_WARN_BOOL_CONVERSION = YES;
				CLANG_WARN_CONSTANT_CONVERSION = YES;
				CLANG_WARN_DIRECT_OBJC_ISA_USAGE = YES_ERROR;
				CLANG_WARN_EMPTY_BODY = YES;
				CLANG_WARN_ENUM_CONVERSION = YES;
				CLANG_WARN_INT_CONVERSION = YES;
				CLANG_WARN_OBJC_ROOT_CLASS = YES_ERROR;
				CLANG_WARN_UNREACHABLE_CODE = YES;
				CLANG_WARN__DUPLICATE_METHOD_MATCH = YES;
				"CODE_SIGN_IDENTITY[sdk=iphoneos*]" = "iPhone Developer";
				COPY_PHASE_STRIP = NO;
				DEBUG_INFORMATION_FORMAT = dwarf;
				ENABLE_STRICT_OBJC_MSGSEND = YES;
				ENABLE_TESTABILITY = YES;
				GCC_C_LANGUAGE_STANDARD = gnu99;
				GCC_DYNAMIC_NO_PIC = NO;
				GCC_NO_COMMON_BLOCKS = YES;
				GCC_OPTIMIZATION_LEVEL = 0;
				GCC_PREPROCESSOR_DEFINITIONS = (
					"DEBUG=1",
					"$(inherited)",
				);
				GCC_WARN_64_TO_32_BIT_CONVERSION = YES;
				GCC_WARN_ABOUT_RETURN_TYPE = YES_ERROR;
				GCC_WARN_UNDECLARED_SELECTOR = YES;
				GCC_WARN_UNINITIALIZED_AUTOS = YES_AGGRESSIVE;
				GCC_WARN_UNUSED_FUNCTION = YES;
				GCC_WARN_UNUSED_VARIABLE = YES;
				IPHONEOS_DEPLOYMENT_TARGET = 9.2;
				MTL_ENABLE_DEBUG_INFO = YES;
				ONLY_ACTIVE_ARCH = YES;
				SDKROOT = iphoneos;
				SWIFT_OPTIMIZATION_LEVEL = "-Onone";
			};
			name = Debug;
		};
		4F5F99331C763C020069BAA8 /* Release */ = {
			isa = XCBuildConfiguration;
			buildSettings = {
				ALWAYS_SEARCH_USER_PATHS = NO;
				CLANG_CXX_LANGUAGE_STANDARD = "gnu++0x";
				CLANG_CXX_LIBRARY = "libc++";
				CLANG_ENABLE_MODULES = YES;
				CLANG_ENABLE_OBJC_ARC = YES;
				CLANG_WARN_BOOL_CONVERSION = YES;
				CLANG_WARN_CONSTANT_CONVERSION = YES;
				CLANG_WARN_DIRECT_OBJC_ISA_USAGE = YES_ERROR;
				CLANG_WARN_EMPTY_BODY = YES;
				CLANG_WARN_ENUM_CONVERSION = YES;
				CLANG_WARN_INT_CONVERSION = YES;
				CLANG_WARN_OBJC_ROOT_CLASS = YES_ERROR;
				CLANG_WARN_UNREACHABLE_CODE = YES;
				CLANG_WARN__DUPLICATE_METHOD_MATCH = YES;
				"CODE_SIGN_IDENTITY[sdk=iphoneos*]" = "iPhone Developer";
				COPY_PHASE_STRIP = NO;
				DEBUG_INFORMATION_FORMAT = "dwarf-with-dsym";
				ENABLE_NS_ASSERTIONS = NO;
				ENABLE_STRICT_OBJC_MSGSEND = YES;
				GCC_C_LANGUAGE_STANDARD = gnu99;
				GCC_NO_COMMON_BLOCKS = YES;
				GCC_WARN_64_TO_32_BIT_CONVERSION = YES;
				GCC_WARN_ABOUT_RETURN_TYPE = YES_ERROR;
				GCC_WARN_UNDECLARED_SELECTOR = YES;
				GCC_WARN_UNINITIALIZED_AUTOS = YES_AGGRESSIVE;
				GCC_WARN_UNUSED_FUNCTION = YES;
				GCC_WARN_UNUSED_VARIABLE = YES;
				IPHONEOS_DEPLOYMENT_TARGET = 9.2;
				MTL_ENABLE_DEBUG_INFO = NO;
				SDKROOT = iphoneos;
				VALIDATE_PRODUCT = YES;
			};
			name = Release;
		};
		4F5F99351C763C020069BAA8 /* Debug */ = {
			isa = XCBuildConfiguration;
			buildSettings = {
				ASSETCATALOG_COMPILER_APPICON_NAME = AppIcon;
				INFOPLIST_FILE = "On The Map/Info.plist";
				LD_RUNPATH_SEARCH_PATHS = "$(inherited) @executable_path/Frameworks";
				PRODUCT_BUNDLE_IDENTIFIER = com.nikolamajcen.OnTheMap;
				PRODUCT_NAME = "$(TARGET_NAME)";
			};
			name = Debug;
		};
		4F5F99361C763C020069BAA8 /* Release */ = {
			isa = XCBuildConfiguration;
			buildSettings = {
				ASSETCATALOG_COMPILER_APPICON_NAME = AppIcon;
				INFOPLIST_FILE = "On The Map/Info.plist";
				LD_RUNPATH_SEARCH_PATHS = "$(inherited) @executable_path/Frameworks";
				PRODUCT_BUNDLE_IDENTIFIER = com.nikolamajcen.OnTheMap;
				PRODUCT_NAME = "$(TARGET_NAME)";
			};
			name = Release;
		};
/* End XCBuildConfiguration section */

/* Begin XCConfigurationList section */
		4F5F991B1C763C020069BAA8 /* Build configuration list for PBXProject "On The Map" */ = {
			isa = XCConfigurationList;
			buildConfigurations = (
				4F5F99321C763C020069BAA8 /* Debug */,
				4F5F99331C763C020069BAA8 /* Release */,
			);
			defaultConfigurationIsVisible = 0;
			defaultConfigurationName = Release;
		};
		4F5F99341C763C020069BAA8 /* Build configuration list for PBXNativeTarget "On The Map" */ = {
			isa = XCConfigurationList;
			buildConfigurations = (
				4F5F99351C763C020069BAA8 /* Debug */,
				4F5F99361C763C020069BAA8 /* Release */,
			);
			defaultConfigurationIsVisible = 0;
			defaultConfigurationName = Release;
		};
/* End XCConfigurationList section */
	};
	rootObject = 4F5F99181C763C020069BAA8 /* Project object */;
}
